// !$*UTF8*$!
{
	archiveVersion = 1;
	classes = {
	};
	objectVersion = 55;
	objects = {

/* Begin PBXBuildFile section */
		8D2CDD272A2E573800AED176 /* PaletteStore.swift in Sources */ = {isa = PBXBuildFile; fileRef = 8D2CDD262A2E573800AED176 /* PaletteStore.swift */; };
		8D66E0AE2A31014700A114B9 /* PaletteManager.swift in Sources */ = {isa = PBXBuildFile; fileRef = 8D66E0AD2A31014700A114B9 /* PaletteManager.swift */; };
		8D8001412A2FC1A500EB2D20 /* PaletteChooser.swift in Sources */ = {isa = PBXBuildFile; fileRef = 8D8001402A2FC1A500EB2D20 /* PaletteChooser.swift */; };
		8D8001432A2FCB4900EB2D20 /* PaletteEditor.swift in Sources */ = {isa = PBXBuildFile; fileRef = 8D8001422A2FCB4900EB2D20 /* PaletteEditor.swift */; };
		8DB4511A2A25280E00EA4634 /* EmojiArtApp.swift in Sources */ = {isa = PBXBuildFile; fileRef = 8DB451192A25280E00EA4634 /* EmojiArtApp.swift */; };
		8DB4511C2A25280E00EA4634 /* EmojiArtDocumentView.swift in Sources */ = {isa = PBXBuildFile; fileRef = 8DB4511B2A25280E00EA4634 /* EmojiArtDocumentView.swift */; };
		8DB4511E2A25280F00EA4634 /* Assets.xcassets in Resources */ = {isa = PBXBuildFile; fileRef = 8DB4511D2A25280F00EA4634 /* Assets.xcassets */; };
		8DB451212A25280F00EA4634 /* Preview Assets.xcassets in Resources */ = {isa = PBXBuildFile; fileRef = 8DB451202A25280F00EA4634 /* Preview Assets.xcassets */; };
		8DB451282A25293400EA4634 /* EmojiArtie.swift in Sources */ = {isa = PBXBuildFile; fileRef = 8DB451272A25293400EA4634 /* EmojiArtie.swift */; };
		8DB4512A2A252D8B00EA4634 /* EmojiArtie.Background.swift in Sources */ = {isa = PBXBuildFile; fileRef = 8DB451292A252D8B00EA4634 /* EmojiArtie.Background.swift */; };
		8DB4512C2A252EDC00EA4634 /* EmojiArtDocument.swift in Sources */ = {isa = PBXBuildFile; fileRef = 8DB4512B2A252EDC00EA4634 /* EmojiArtDocument.swift */; };
		8DB4512E2A2531C900EA4634 /* UtilityExtensions.swift in Sources */ = {isa = PBXBuildFile; fileRef = 8DB4512D2A2531C900EA4634 /* UtilityExtensions.swift */; };
		8DB6FCE72A2915A300443F12 /* UtilityViews.swift in Sources */ = {isa = PBXBuildFile; fileRef = 8DB6FCE62A2915A300443F12 /* UtilityViews.swift */; };
/* End PBXBuildFile section */

/* Begin PBXFileReference section */
		8D2CDD262A2E573800AED176 /* PaletteStore.swift */ = {isa = PBXFileReference; lastKnownFileType = sourcecode.swift; path = PaletteStore.swift; sourceTree = "<group>"; };
		8D66E0AD2A31014700A114B9 /* PaletteManager.swift */ = {isa = PBXFileReference; lastKnownFileType = sourcecode.swift; path = PaletteManager.swift; sourceTree = "<group>"; };
		8D8001402A2FC1A500EB2D20 /* PaletteChooser.swift */ = {isa = PBXFileReference; lastKnownFileType = sourcecode.swift; path = PaletteChooser.swift; sourceTree = "<group>"; };
		8D8001422A2FCB4900EB2D20 /* PaletteEditor.swift */ = {isa = PBXFileReference; lastKnownFileType = sourcecode.swift; path = PaletteEditor.swift; sourceTree = "<group>"; };
		8DA252492A38F5FC0072033F /* Info.plist */ = {isa = PBXFileReference; lastKnownFileType = text.plist; path = Info.plist; sourceTree = "<group>"; };
		8DB451162A25280E00EA4634 /* EmojiArt.app */ = {isa = PBXFileReference; explicitFileType = wrapper.application; includeInIndex = 0; path = EmojiArt.app; sourceTree = BUILT_PRODUCTS_DIR; };
		8DB451192A25280E00EA4634 /* EmojiArtApp.swift */ = {isa = PBXFileReference; lastKnownFileType = sourcecode.swift; path = EmojiArtApp.swift; sourceTree = "<group>"; };
		8DB4511B2A25280E00EA4634 /* EmojiArtDocumentView.swift */ = {isa = PBXFileReference; lastKnownFileType = sourcecode.swift; path = EmojiArtDocumentView.swift; sourceTree = "<group>"; };
		8DB4511D2A25280F00EA4634 /* Assets.xcassets */ = {isa = PBXFileReference; lastKnownFileType = folder.assetcatalog; path = Assets.xcassets; sourceTree = "<group>"; };
		8DB451202A25280F00EA4634 /* Preview Assets.xcassets */ = {isa = PBXFileReference; lastKnownFileType = folder.assetcatalog; path = "Preview Assets.xcassets"; sourceTree = "<group>"; };
		8DB451272A25293400EA4634 /* EmojiArtie.swift */ = {isa = PBXFileReference; lastKnownFileType = sourcecode.swift; path = EmojiArtie.swift; sourceTree = "<group>"; };
		8DB451292A252D8B00EA4634 /* EmojiArtie.Background.swift */ = {isa = PBXFileReference; lastKnownFileType = sourcecode.swift; path = EmojiArtie.Background.swift; sourceTree = "<group>"; };
		8DB4512B2A252EDC00EA4634 /* EmojiArtDocument.swift */ = {isa = PBXFileReference; lastKnownFileType = sourcecode.swift; path = EmojiArtDocument.swift; sourceTree = "<group>"; };
		8DB4512D2A2531C900EA4634 /* UtilityExtensions.swift */ = {isa = PBXFileReference; lastKnownFileType = sourcecode.swift; path = UtilityExtensions.swift; sourceTree = "<group>"; };
		8DB6FCE62A2915A300443F12 /* UtilityViews.swift */ = {isa = PBXFileReference; lastKnownFileType = sourcecode.swift; path = UtilityViews.swift; sourceTree = "<group>"; };
/* End PBXFileReference section */

/* Begin PBXFrameworksBuildPhase section */
		8DB451132A25280E00EA4634 /* Frameworks */ = {
			isa = PBXFrameworksBuildPhase;
			buildActionMask = 2147483647;
			files = (
			);
			runOnlyForDeploymentPostprocessing = 0;
		};
/* End PBXFrameworksBuildPhase section */

/* Begin PBXGroup section */
		8DB4510D2A25280E00EA4634 = {
			isa = PBXGroup;
			children = (
				8DB451182A25280E00EA4634 /* EmojiArt */,
				8DB451172A25280E00EA4634 /* Products */,
			);
			sourceTree = "<group>";
		};
		8DB451172A25280E00EA4634 /* Products */ = {
			isa = PBXGroup;
			children = (
				8DB451162A25280E00EA4634 /* EmojiArt.app */,
			);
			name = Products;
			sourceTree = "<group>";
		};
		8DB451182A25280E00EA4634 /* EmojiArt */ = {
			isa = PBXGroup;
			children = (
				8DA252492A38F5FC0072033F /* Info.plist */,
				8DB4511D2A25280F00EA4634 /* Assets.xcassets */,
				8DB451192A25280E00EA4634 /* EmojiArtApp.swift */,
				8DB4512B2A252EDC00EA4634 /* EmojiArtDocument.swift */,
				8DB4511B2A25280E00EA4634 /* EmojiArtDocumentView.swift */,
				8DB451272A25293400EA4634 /* EmojiArtie.swift */,
				8DB451292A252D8B00EA4634 /* EmojiArtie.Background.swift */,
				8D8001402A2FC1A500EB2D20 /* PaletteChooser.swift */,
				8D8001422A2FCB4900EB2D20 /* PaletteEditor.swift */,
				8D66E0AD2A31014700A114B9 /* PaletteManager.swift */,
				8D2CDD262A2E573800AED176 /* PaletteStore.swift */,
				8DB4511F2A25280F00EA4634 /* Preview Content */,
				8DB4512D2A2531C900EA4634 /* UtilityExtensions.swift */,
				8DB6FCE62A2915A300443F12 /* UtilityViews.swift */,
			);
			path = EmojiArt;
			sourceTree = "<group>";
		};
		8DB4511F2A25280F00EA4634 /* Preview Content */ = {
			isa = PBXGroup;
			children = (
				8DB451202A25280F00EA4634 /* Preview Assets.xcassets */,
			);
			path = "Preview Content";
			sourceTree = "<group>";
		};
/* End PBXGroup section */

/* Begin PBXNativeTarget section */
		8DB451152A25280E00EA4634 /* EmojiArt */ = {
			isa = PBXNativeTarget;
			buildConfigurationList = 8DB451242A25280F00EA4634 /* Build configuration list for PBXNativeTarget "EmojiArt" */;
			buildPhases = (
				8DB451122A25280E00EA4634 /* Sources */,
				8DB451132A25280E00EA4634 /* Frameworks */,
				8DB451142A25280E00EA4634 /* Resources */,
			);
			buildRules = (
			);
			dependencies = (
			);
			name = EmojiArt;
			productName = EmojiArt;
			productReference = 8DB451162A25280E00EA4634 /* EmojiArt.app */;
			productType = "com.apple.product-type.application";
		};
/* End PBXNativeTarget section */

/* Begin PBXProject section */
		8DB4510E2A25280E00EA4634 /* Project object */ = {
			isa = PBXProject;
			attributes = {
				BuildIndependentTargetsInParallel = 1;
				LastSwiftUpdateCheck = 1340;
				LastUpgradeCheck = 1340;
				TargetAttributes = {
					8DB451152A25280E00EA4634 = {
						CreatedOnToolsVersion = 13.4.1;
					};
				};
			};
			buildConfigurationList = 8DB451112A25280E00EA4634 /* Build configuration list for PBXProject "EmojiArt" */;
			compatibilityVersion = "Xcode 13.0";
			developmentRegion = en;
			hasScannedForEncodings = 0;
			knownRegions = (
				en,
				Base,
			);
			mainGroup = 8DB4510D2A25280E00EA4634;
			productRefGroup = 8DB451172A25280E00EA4634 /* Products */;
			projectDirPath = "";
			projectRoot = "";
			targets = (
				8DB451152A25280E00EA4634 /* EmojiArt */,
			);
		};
/* End PBXProject section */

/* Begin PBXResourcesBuildPhase section */
		8DB451142A25280E00EA4634 /* Resources */ = {
			isa = PBXResourcesBuildPhase;
			buildActionMask = 2147483647;
			files = (
				8DB451212A25280F00EA4634 /* Preview Assets.xcassets in Resources */,
				8DB4511E2A25280F00EA4634 /* Assets.xcassets in Resources */,
			);
			runOnlyForDeploymentPostprocessing = 0;
		};
/* End PBXResourcesBuildPhase section */

/* Begin PBXSourcesBuildPhase section */
		8DB451122A25280E00EA4634 /* Sources */ = {
			isa = PBXSourcesBuildPhase;
			buildActionMask = 2147483647;
			files = (
				8DB6FCE72A2915A300443F12 /* UtilityViews.swift in Sources */,
				8D66E0AE2A31014700A114B9 /* PaletteManager.swift in Sources */,
				8D2CDD272A2E573800AED176 /* PaletteStore.swift in Sources */,
				8D8001432A2FCB4900EB2D20 /* PaletteEditor.swift in Sources */,
				8DB4511C2A25280E00EA4634 /* EmojiArtDocumentView.swift in Sources */,
				8DB4512A2A252D8B00EA4634 /* EmojiArtie.Background.swift in Sources */,
				8DB4512E2A2531C900EA4634 /* UtilityExtensions.swift in Sources */,
				8DB4512C2A252EDC00EA4634 /* EmojiArtDocument.swift in Sources */,
				8DB451282A25293400EA4634 /* EmojiArtie.swift in Sources */,
				8DB4511A2A25280E00EA4634 /* EmojiArtApp.swift in Sources */,
				8D8001412A2FC1A500EB2D20 /* PaletteChooser.swift in Sources */,
			);
			runOnlyForDeploymentPostprocessing = 0;
		};
/* End PBXSourcesBuildPhase section */

/* Begin XCBuildConfiguration section */
		8DB451222A25280F00EA4634 /* Debug */ = {
			isa = XCBuildConfiguration;
			buildSettings = {
				ALWAYS_SEARCH_USER_PATHS = NO;
				CLANG_ANALYZER_NONNULL = YES;
				CLANG_ANALYZER_NUMBER_OBJECT_CONVERSION = YES_AGGRESSIVE;
				CLANG_CXX_LANGUAGE_STANDARD = "gnu++17";
				CLANG_ENABLE_MODULES = YES;
				CLANG_ENABLE_OBJC_ARC = YES;
				CLANG_ENABLE_OBJC_WEAK = YES;
				CLANG_WARN_BLOCK_CAPTURE_AUTORELEASING = YES;
				CLANG_WARN_BOOL_CONVERSION = YES;
				CLANG_WARN_COMMA = YES;
				CLANG_WARN_CONSTANT_CONVERSION = YES;
				CLANG_WARN_DEPRECATED_OBJC_IMPLEMENTATIONS = YES;
				CLANG_WARN_DIRECT_OBJC_ISA_USAGE = YES_ERROR;
				CLANG_WARN_DOCUMENTATION_COMMENTS = YES;
				CLANG_WARN_EMPTY_BODY = YES;
				CLANG_WARN_ENUM_CONVERSION = YES;
				CLANG_WARN_INFINITE_RECURSION = YES;
				CLANG_WARN_INT_CONVERSION = YES;
				CLANG_WARN_NON_LITERAL_NULL_CONVERSION = YES;
				CLANG_WARN_OBJC_IMPLICIT_RETAIN_SELF = YES;
				CLANG_WARN_OBJC_LITERAL_CONVERSION = YES;
				CLANG_WARN_OBJC_ROOT_CLASS = YES_ERROR;
				CLANG_WARN_QUOTED_INCLUDE_IN_FRAMEWORK_HEADER = YES;
				CLANG_WARN_RANGE_LOOP_ANALYSIS = YES;
				CLANG_WARN_STRICT_PROTOTYPES = YES;
				CLANG_WARN_SUSPICIOUS_MOVE = YES;
				CLANG_WARN_UNGUARDED_AVAILABILITY = YES_AGGRESSIVE;
				CLANG_WARN_UNREACHABLE_CODE = YES;
				CLANG_WARN__DUPLICATE_METHOD_MATCH = YES;
				COPY_PHASE_STRIP = NO;
				DEBUG_INFORMATION_FORMAT = dwarf;
				ENABLE_STRICT_OBJC_MSGSEND = YES;
				ENABLE_TESTABILITY = YES;
				GCC_C_LANGUAGE_STANDARD = gnu11;
				GCC_DYNAMIC_NO_PIC = NO;
				GCC_NO_COMMON_BLOCKS = YES;
				GCC_OPTIMIZATION_LEVEL = 0;
				GCC_PREPROCESSOR_DEFINITIONS = (
					"DEBUG=1",
					"$(inherited)",
				);
				GCC_WARN_64_TO_32_BIT_CONVERSION = YES;
				GCC_WARN_ABOUT_RETURN_TYPE = YES_ERROR;
				GCC_WARN_UNDECLARED_SELECTOR = YES;
				GCC_WARN_UNINITIALIZED_AUTOS = YES_AGGRESSIVE;
				GCC_WARN_UNUSED_FUNCTION = YES;
				GCC_WARN_UNUSED_VARIABLE = YES;
				IPHONEOS_DEPLOYMENT_TARGET = 15.5;
				MTL_ENABLE_DEBUG_INFO = INCLUDE_SOURCE;
				MTL_FAST_MATH = YES;
				ONLY_ACTIVE_ARCH = YES;
				SDKROOT = iphoneos;
				SWIFT_ACTIVE_COMPILATION_CONDITIONS = DEBUG;
				SWIFT_OPTIMIZATION_LEVEL = "-Onone";
			};
			name = Debug;
		};
		8DB451232A25280F00EA4634 /* Release */ = {
			isa = XCBuildConfiguration;
			buildSettings = {
				ALWAYS_SEARCH_USER_PATHS = NO;
				CLANG_ANALYZER_NONNULL = YES;
				CLANG_ANALYZER_NUMBER_OBJECT_CONVERSION = YES_AGGRESSIVE;
				CLANG_CXX_LANGUAGE_STANDARD = "gnu++17";
				CLANG_ENABLE_MODULES = YES;
				CLANG_ENABLE_OBJC_ARC = YES;
				CLANG_ENABLE_OBJC_WEAK = YES;
				CLANG_WARN_BLOCK_CAPTURE_AUTORELEASING = YES;
				CLANG_WARN_BOOL_CONVERSION = YES;
				CLANG_WARN_COMMA = YES;
				CLANG_WARN_CONSTANT_CONVERSION = YES;
				CLANG_WARN_DEPRECATED_OBJC_IMPLEMENTATIONS = YES;
				CLANG_WARN_DIRECT_OBJC_ISA_USAGE = YES_ERROR;
				CLANG_WARN_DOCUMENTATION_COMMENTS = YES;
				CLANG_WARN_EMPTY_BODY = YES;
				CLANG_WARN_ENUM_CONVERSION = YES;
				CLANG_WARN_INFINITE_RECURSION = YES;
				CLANG_WARN_INT_CONVERSION = YES;
				CLANG_WARN_NON_LITERAL_NULL_CONVERSION = YES;
				CLANG_WARN_OBJC_IMPLICIT_RETAIN_SELF = YES;
				CLANG_WARN_OBJC_LITERAL_CONVERSION = YES;
				CLANG_WARN_OBJC_ROOT_CLASS = YES_ERROR;
				CLANG_WARN_QUOTED_INCLUDE_IN_FRAMEWORK_HEADER = YES;
				CLANG_WARN_RANGE_LOOP_ANALYSIS = YES;
				CLANG_WARN_STRICT_PROTOTYPES = YES;
				CLANG_WARN_SUSPICIOUS_MOVE = YES;
				CLANG_WARN_UNGUARDED_AVAILABILITY = YES_AGGRESSIVE;
				CLANG_WARN_UNREACHABLE_CODE = YES;
				CLANG_WARN__DUPLICATE_METHOD_MATCH = YES;
				COPY_PHASE_STRIP = NO;
				DEBUG_INFORMATION_FORMAT = "dwarf-with-dsym";
				ENABLE_NS_ASSERTIONS = NO;
				ENABLE_STRICT_OBJC_MSGSEND = YES;
				GCC_C_LANGUAGE_STANDARD = gnu11;
				GCC_NO_COMMON_BLOCKS = YES;
				GCC_WARN_64_TO_32_BIT_CONVERSION = YES;
				GCC_WARN_ABOUT_RETURN_TYPE = YES_ERROR;
				GCC_WARN_UNDECLARED_SELECTOR = YES;
				GCC_WARN_UNINITIALIZED_AUTOS = YES_AGGRESSIVE;
				GCC_WARN_UNUSED_FUNCTION = YES;
				GCC_WARN_UNUSED_VARIABLE = YES;
				IPHONEOS_DEPLOYMENT_TARGET = 15.5;
				MTL_ENABLE_DEBUG_INFO = NO;
				MTL_FAST_MATH = YES;
				SDKROOT = iphoneos;
				SWIFT_COMPILATION_MODE = wholemodule;
				SWIFT_OPTIMIZATION_LEVEL = "-O";
				VALIDATE_PRODUCT = YES;
			};
			name = Release;
		};
		8DB451252A25280F00EA4634 /* Debug */ = {
			isa = XCBuildConfiguration;
			buildSettings = {
				ASSETCATALOG_COMPILER_APPICON_NAME = AppIcon;
				ASSETCATALOG_COMPILER_GLOBAL_ACCENT_COLOR_NAME = AccentColor;
				CODE_SIGN_STYLE = Automatic;
				CURRENT_PROJECT_VERSION = 1;
				DEVELOPMENT_ASSET_PATHS = "\"EmojiArt/Preview Content\"";
				DEVELOPMENT_TEAM = TGBHB6DPPU;
				ENABLE_PREVIEWS = YES;
				GENERATE_INFOPLIST_FILE = YES;
				INFOPLIST_FILE = EmojiArt/Info.plist;
				INFOPLIST_KEY_UIApplicationSceneManifest_Generation = YES;
				INFOPLIST_KEY_UIApplicationSupportsIndirectInputEvents = YES;
				INFOPLIST_KEY_UILaunchScreen_Generation = YES;
				INFOPLIST_KEY_UISupportedInterfaceOrientations_iPad = "UIInterfaceOrientationPortrait UIInterfaceOrientationPortraitUpsideDown UIInterfaceOrientationLandscapeLeft UIInterfaceOrientationLandscapeRight";
				INFOPLIST_KEY_UISupportedInterfaceOrientations_iPhone = "UIInterfaceOrientationPortrait UIInterfaceOrientationLandscapeLeft UIInterfaceOrientationLandscapeRight";
				LD_RUNPATH_SEARCH_PATHS = (
					"$(inherited)",
					"@executable_path/Frameworks",
				);
				MARKETING_VERSION = 1.0;
				PRODUCT_BUNDLE_IDENTIFIER = com.rafaelnunes.EmojiArt;
				PRODUCT_NAME = "$(TARGET_NAME)";
				SWIFT_EMIT_LOC_STRINGS = YES;
				SWIFT_VERSION = 5.0;
				TARGETED_DEVICE_FAMILY = "1,2";
			};
			name = Debug;
		};
		8DB451262A25280F00EA4634 /* Release */ = {
			isa = XCBuildConfiguration;
			buildSettings = {
				ASSETCATALOG_COMPILER_APPICON_NAME = AppIcon;
				ASSETCATALOG_COMPILER_GLOBAL_ACCENT_COLOR_NAME = AccentColor;
				CODE_SIGN_STYLE = Automatic;
				CURRENT_PROJECT_VERSION = 1;
				DEVELOPMENT_ASSET_PATHS = "\"EmojiArt/Preview Content\"";
				DEVELOPMENT_TEAM = TGBHB6DPPU;
				ENABLE_PREVIEWS = YES;
				GENERATE_INFOPLIST_FILE = YES;
				INFOPLIST_FILE = EmojiArt/Info.plist;
				INFOPLIST_KEY_UIApplicationSceneManifest_Generation = YES;
				INFOPLIST_KEY_UIApplicationSupportsIndirectInputEvents = YES;
				INFOPLIST_KEY_UILaunchScreen_Generation = YES;
				INFOPLIST_KEY_UISupportedInterfaceOrientations_iPad = "UIInterfaceOrientationPortrait UIInterfaceOrientationPortraitUpsideDown UIInterfaceOrientationLandscapeLeft UIInterfaceOrientationLandscapeRight";
				INFOPLIST_KEY_UISupportedInterfaceOrientations_iPhone = "UIInterfaceOrientationPortrait UIInterfaceOrientationLandscapeLeft UIInterfaceOrientationLandscapeRight";
				LD_RUNPATH_SEARCH_PATHS = (
					"$(inherited)",
					"@executable_path/Frameworks",
				);
				MARKETING_VERSION = 1.0;
				PRODUCT_BUNDLE_IDENTIFIER = com.rafaelnunes.EmojiArt;
				PRODUCT_NAME = "$(TARGET_NAME)";
				SWIFT_EMIT_LOC_STRINGS = YES;
				SWIFT_VERSION = 5.0;
				TARGETED_DEVICE_FAMILY = "1,2";
			};
			name = Release;
		};
/* End XCBuildConfiguration section */

/* Begin XCConfigurationList section */
		8DB451112A25280E00EA4634 /* Build configuration list for PBXProject "EmojiArt" */ = {
			isa = XCConfigurationList;
			buildConfigurations = (
				8DB451222A25280F00EA4634 /* Debug */,
				8DB451232A25280F00EA4634 /* Release */,
			);
			defaultConfigurationIsVisible = 0;
			defaultConfigurationName = Release;
		};
		8DB451242A25280F00EA4634 /* Build configuration list for PBXNativeTarget "EmojiArt" */ = {
			isa = XCConfigurationList;
			buildConfigurations = (
				8DB451252A25280F00EA4634 /* Debug */,
				8DB451262A25280F00EA4634 /* Release */,
			);
			defaultConfigurationIsVisible = 0;
			defaultConfigurationName = Release;
		};
/* End XCConfigurationList section */
	};
	rootObject = 8DB4510E2A25280E00EA4634 /* Project object */;
}
